Microsoft Visual Studio Solution File, Format Version 12.00
# Visual Studio 2012
Project("{FAE04EC0-301F-11D3-BF4B-00C04F79EFBC}") = "Glop Clop 2 - 0.2v", "Glop Clop 2 - 0.2v.csproj", "{B3D12766-6B40-49FB-9668-3AC46D61F5BE}"
EndProject
Global
	GlobalSection(SolutionConfigurationPlatforms) = preSolution
	Debug|Any CPU = Debug|Any CPU
	ExportDebug|Any CPU = ExportDebug|Any CPU
	ExportRelease|Any CPU = ExportRelease|Any CPU
	EndGlobalSection
	GlobalSection(ProjectConfigurationPlatforms) = postSolution
		{B3D12766-6B40-49FB-9668-3AC46D61F5BE}.Debug|Any CPU.ActiveCfg = Debug|Any CPU
		{B3D12766-6B40-49FB-9668-3AC46D61F5BE}.Debug|Any CPU.Build.0 = Debug|Any CPU
		{B3D12766-6B40-49FB-9668-3AC46D61F5BE}.ExportDebug|Any CPU.ActiveCfg = ExportDebug|Any CPU
		{B3D12766-6B40-49FB-9668-3AC46D61F5BE}.ExportDebug|Any CPU.Build.0 = ExportDebug|Any CPU
		{B3D12766-6B40-49FB-9668-3AC46D61F5BE}.ExportRelease|Any CPU.ActiveCfg = ExportRelease|Any CPU
		{B3D12766-6B40-49FB-9668-3AC46D61F5BE}.ExportRelease|Any CPU.Build.0 = ExportRelease|Any CPU
	EndGlobalSection
EndGlobal
