Microsoft Visual Studio Solution File, Format Version 12.00
# Visual Studio 2012
Project("{FAE04EC0-301F-11D3-BF4B-00C04F79EFBC}") = "Payday2 Pixel", "Payday2 Pixel.csproj", "{0A45238F-7DF0-4FC3-AF29-A2EF2796D02E}"
EndProject
Global
	GlobalSection(SolutionConfigurationPlatforms) = preSolution
	Debug|Any CPU = Debug|Any CPU
	ExportDebug|Any CPU = ExportDebug|Any CPU
	ExportRelease|Any CPU = ExportRelease|Any CPU
	EndGlobalSection
	GlobalSection(ProjectConfigurationPlatforms) = postSolution
		{0A45238F-7DF0-4FC3-AF29-A2EF2796D02E}.Debug|Any CPU.ActiveCfg = Debug|Any CPU
		{0A45238F-7DF0-4FC3-AF29-A2EF2796D02E}.Debug|Any CPU.Build.0 = Debug|Any CPU
		{0A45238F-7DF0-4FC3-AF29-A2EF2796D02E}.ExportDebug|Any CPU.ActiveCfg = ExportDebug|Any CPU
		{0A45238F-7DF0-4FC3-AF29-A2EF2796D02E}.ExportDebug|Any CPU.Build.0 = ExportDebug|Any CPU
		{0A45238F-7DF0-4FC3-AF29-A2EF2796D02E}.ExportRelease|Any CPU.ActiveCfg = ExportRelease|Any CPU
		{0A45238F-7DF0-4FC3-AF29-A2EF2796D02E}.ExportRelease|Any CPU.Build.0 = ExportRelease|Any CPU
	EndGlobalSection
EndGlobal
