Microsoft Visual Studio Solution File, Format Version 12.00
# Visual Studio 2012
Project("{FAE04EC0-301F-11D3-BF4B-00C04F79EFBC}") = "Gmtk Jam 2022", "Gmtk Jam 2022.csproj", "{AF9EE089-95BD-4234-9E89-8F2C760072AF}"
EndProject
Global
	GlobalSection(SolutionConfigurationPlatforms) = preSolution
	Debug|Any CPU = Debug|Any CPU
	ExportDebug|Any CPU = ExportDebug|Any CPU
	ExportRelease|Any CPU = ExportRelease|Any CPU
	EndGlobalSection
	GlobalSection(ProjectConfigurationPlatforms) = postSolution
		{AF9EE089-95BD-4234-9E89-8F2C760072AF}.Debug|Any CPU.ActiveCfg = Debug|Any CPU
		{AF9EE089-95BD-4234-9E89-8F2C760072AF}.Debug|Any CPU.Build.0 = Debug|Any CPU
		{AF9EE089-95BD-4234-9E89-8F2C760072AF}.ExportDebug|Any CPU.ActiveCfg = ExportDebug|Any CPU
		{AF9EE089-95BD-4234-9E89-8F2C760072AF}.ExportDebug|Any CPU.Build.0 = ExportDebug|Any CPU
		{AF9EE089-95BD-4234-9E89-8F2C760072AF}.ExportRelease|Any CPU.ActiveCfg = ExportRelease|Any CPU
		{AF9EE089-95BD-4234-9E89-8F2C760072AF}.ExportRelease|Any CPU.Build.0 = ExportRelease|Any CPU
	EndGlobalSection
EndGlobal
