Microsoft Visual Studio Solution File, Format Version 12.00
# Visual Studio 2012
Project("{FAE04EC0-301F-11D3-BF4B-00C04F79EFBC}") = "Platformer 2D Tutorial", "Platformer 2D Tutorial.csproj", "{92E48056-FDD0-4E18-8766-42782A16FB85}"
EndProject
Global
	GlobalSection(SolutionConfigurationPlatforms) = preSolution
	Debug|Any CPU = Debug|Any CPU
	ExportDebug|Any CPU = ExportDebug|Any CPU
	ExportRelease|Any CPU = ExportRelease|Any CPU
	EndGlobalSection
	GlobalSection(ProjectConfigurationPlatforms) = postSolution
		{92E48056-FDD0-4E18-8766-42782A16FB85}.Debug|Any CPU.ActiveCfg = Debug|Any CPU
		{92E48056-FDD0-4E18-8766-42782A16FB85}.Debug|Any CPU.Build.0 = Debug|Any CPU
		{92E48056-FDD0-4E18-8766-42782A16FB85}.ExportDebug|Any CPU.ActiveCfg = ExportDebug|Any CPU
		{92E48056-FDD0-4E18-8766-42782A16FB85}.ExportDebug|Any CPU.Build.0 = ExportDebug|Any CPU
		{92E48056-FDD0-4E18-8766-42782A16FB85}.ExportRelease|Any CPU.ActiveCfg = ExportRelease|Any CPU
		{92E48056-FDD0-4E18-8766-42782A16FB85}.ExportRelease|Any CPU.Build.0 = ExportRelease|Any CPU
	EndGlobalSection
EndGlobal
